
Microsoft Visual Studio Solution File, Format Version 12.00
# Visual Studio Version 17
VisualStudioVersion = 17.8.34511.84
MinimumVisualStudioVersion = 10.0.40219.1
Project("{9A19103F-16F7-4668-BE54-9A1E7A4F7556}") = "RandomStuffHere", "RandomStuffHere\RandomStuffHere.csproj", "{625F2F19-0B7F-4F55-969B-4603D33E9FCA}"
EndProject
Project("{2150E333-8FDC-42A3-9474-1A3956D46DE8}") = "Solution Items", "Solution Items", "{AD250A4A-0174-4347-A722-C163E8428953}"
EndProject
Global
	GlobalSection(SolutionConfigurationPlatforms) = preSolution
		Debug|Any CPU = Debug|Any CPU
		Release|Any CPU = Release|Any CPU
	EndGlobalSection
	GlobalSection(ProjectConfigurationPlatforms) = postSolution
		{625F2F19-0B7F-4F55-969B-4603D33E9FCA}.Debug|Any CPU.ActiveCfg = Debug|Any CPU
		{625F2F19-0B7F-4F55-969B-4603D33E9FCA}.Debug|Any CPU.Build.0 = Debug|Any CPU
		{625F2F19-0B7F-4F55-969B-4603D33E9FCA}.Release|Any CPU.ActiveCfg = Release|Any CPU
		{625F2F19-0B7F-4F55-969B-4603D33E9FCA}.Release|Any CPU.Build.0 = Release|Any CPU
	EndGlobalSection
	GlobalSection(SolutionProperties) = preSolution
		HideSolutionNode = FALSE
	EndGlobalSection
	GlobalSection(ExtensibilityGlobals) = postSolution
		SolutionGuid = {F9D326BD-D05D-4AFA-A4B5-C0C85F9529E0}
	EndGlobalSection
EndGlobal
